// !$*UTF8*$!
{
	archiveVersion = 1;
	classes = {
	};
	objectVersion = 46;
	objects = {

/* Begin PBXBuildFile section */
		4ABE05161C852BCD000414CA /* main.m in Sources */ = {isa = PBXBuildFile; fileRef = 4ABE05151C852BCD000414CA /* main.m */; };
		4ABE05191C852BCD000414CA /* AppDelegate.m in Sources */ = {isa = PBXBuildFile; fileRef = 4ABE05181C852BCD000414CA /* AppDelegate.m */; };
		4ABE051C1C852BCD000414CA /* ViewController.m in Sources */ = {isa = PBXBuildFile; fileRef = 4ABE051B1C852BCD000414CA /* ViewController.m */; };
		4ABE051F1C852BCD000414CA /* Main.storyboard in Resources */ = {isa = PBXBuildFile; fileRef = 4ABE051D1C852BCD000414CA /* Main.storyboard */; };
		4ABE05211C852BCD000414CA /* Assets.xcassets in Resources */ = {isa = PBXBuildFile; fileRef = 4ABE05201C852BCD000414CA /* Assets.xcassets */; };
		4ABE05241C852BCD000414CA /* LaunchScreen.storyboard in Resources */ = {isa = PBXBuildFile; fileRef = 4ABE05221C852BCD000414CA /* LaunchScreen.storyboard */; };
/* End PBXBuildFile section */

/* Begin PBXFileReference section */
		4ABE05111C852BCD000414CA /* tfs.app */ = {isa = PBXFileReference; explicitFileType = wrapper.application; includeInIndex = 0; path = tfs.app; sourceTree = BUILT_PRODUCTS_DIR; };
		4ABE05151C852BCD000414CA /* main.m */ = {isa = PBXFileReference; lastKnownFileType = sourcecode.c.objc; path = main.m; sourceTree = "<group>"; };
		4ABE05171C852BCD000414CA /* AppDelegate.h */ = {isa = PBXFileReference; lastKnownFileType = sourcecode.c.h; path = AppDelegate.h; sourceTree = "<group>"; };
		4ABE05181C852BCD000414CA /* AppDelegate.m */ = {isa = PBXFileReference; lastKnownFileType = sourcecode.c.objc; path = AppDelegate.m; sourceTree = "<group>"; };
		4ABE051A1C852BCD000414CA /* ViewController.h */ = {isa = PBXFileReference; lastKnownFileType = sourcecode.c.h; path = ViewController.h; sourceTree = "<group>"; };
		4ABE051B1C852BCD000414CA /* ViewController.m */ = {isa = PBXFileReference; lastKnownFileType = sourcecode.c.objc; path = ViewController.m; sourceTree = "<group>"; };
		4ABE051E1C852BCD000414CA /* Base */ = {isa = PBXFileReference; lastKnownFileType = file.storyboard; name = Base; path = Base.lproj/Main.storyboard; sourceTree = "<group>"; };
		4ABE05201C852BCD000414CA /* Assets.xcassets */ = {isa = PBXFileReference; lastKnownFileType = folder.assetcatalog; path = Assets.xcassets; sourceTree = "<group>"; };
		4ABE05231C852BCD000414CA /* Base */ = {isa = PBXFileReference; lastKnownFileType = file.storyboard; name = Base; path = Base.lproj/LaunchScreen.storyboard; sourceTree = "<group>"; };
		4ABE05251C852BCD000414CA /* Info.plist */ = {isa = PBXFileReference; lastKnownFileType = text.plist.xml; path = Info.plist; sourceTree = "<group>"; };
/* End PBXFileReference section */

/* Begin PBXFrameworksBuildPhase section */
		4ABE050E1C852BCD000414CA /* Frameworks */ = {
			isa = PBXFrameworksBuildPhase;
			buildActionMask = 2147483647;
			files = (
			);
			runOnlyForDeploymentPostprocessing = 0;
		};
/* End PBXFrameworksBuildPhase section */

/* Begin PBXGroup section */
		4ABE05081C852BCD000414CA = {
			isa = PBXGroup;
			children = (
				4ABE05131C852BCD000414CA /* tfs */,
				4ABE05121C852BCD000414CA /* Products */,
			);
			sourceTree = "<group>";
		};
		4ABE05121C852BCD000414CA /* Products */ = {
			isa = PBXGroup;
			children = (
				4ABE05111C852BCD000414CA /* tfs.app */,
			);
			name = Products;
			sourceTree = "<group>";
		};
		4ABE05131C852BCD000414CA /* tfs */ = {
			isa = PBXGroup;
			children = (
				4ABE05171C852BCD000414CA /* AppDelegate.h */,
				4ABE05181C852BCD000414CA /* AppDelegate.m */,
				4ABE051A1C852BCD000414CA /* ViewController.h */,
				4ABE051B1C852BCD000414CA /* ViewController.m */,
				4ABE051D1C852BCD000414CA /* Main.storyboard */,
				4ABE05201C852BCD000414CA /* Assets.xcassets */,
				4ABE05221C852BCD000414CA /* LaunchScreen.storyboard */,
				4ABE05251C852BCD000414CA /* Info.plist */,
				4ABE05141C852BCD000414CA /* Supporting Files */,
			);
			path = tfs;
			sourceTree = "<group>";
		};
		4ABE05141C852BCD000414CA /* Supporting Files */ = {
			isa = PBXGroup;
			children = (
				4ABE05151C852BCD000414CA /* main.m */,
			);
			name = "Supporting Files";
			sourceTree = "<group>";
		};
/* End PBXGroup section */

/* Begin PBXNativeTarget section */
		4ABE05101C852BCD000414CA /* tfs */ = {
			isa = PBXNativeTarget;
			buildConfigurationList = 4ABE05281C852BCD000414CA /* Build configuration list for PBXNativeTarget "tfs" */;
			buildPhases = (
				4ABE050D1C852BCD000414CA /* Sources */,
				4ABE050E1C852BCD000414CA /* Frameworks */,
				4ABE050F1C852BCD000414CA /* Resources */,
			);
			buildRules = (
			);
			dependencies = (
			);
			name = tfs;
			productName = tfs;
			productReference = 4ABE05111C852BCD000414CA /* tfs.app */;
			productType = "com.apple.product-type.application";
		};
/* End PBXNativeTarget section */

/* Begin PBXProject section */
		4ABE05091C852BCD000414CA /* Project object */ = {
			isa = PBXProject;
			attributes = {
				LastUpgradeCheck = 0720;
				ORGANIZATIONNAME = lk;
				TargetAttributes = {
					4ABE05101C852BCD000414CA = {
						CreatedOnToolsVersion = 7.2.1;
					};
				};
			};
			buildConfigurationList = 4ABE050C1C852BCD000414CA /* Build configuration list for PBXProject "tfs" */;
			compatibilityVersion = "Xcode 3.2";
			developmentRegion = English;
			hasScannedForEncodings = 0;
			knownRegions = (
				en,
				Base,
			);
			mainGroup = 4ABE05081C852BCD000414CA;
			productRefGroup = 4ABE05121C852BCD000414CA /* Products */;
			projectDirPath = "";
			projectRoot = "";
			targets = (
				4ABE05101C852BCD000414CA /* tfs */,
			);
		};
/* End PBXProject section */

/* Begin PBXResourcesBuildPhase section */
		4ABE050F1C852BCD000414CA /* Resources */ = {
			isa = PBXResourcesBuildPhase;
			buildActionMask = 2147483647;
			files = (
				4ABE05241C852BCD000414CA /* LaunchScreen.storyboard in Resources */,
				4ABE05211C852BCD000414CA /* Assets.xcassets in Resources */,
				4ABE051F1C852BCD000414CA /* Main.storyboard in Resources */,
			);
			runOnlyForDeploymentPostprocessing = 0;
		};
/* End PBXResourcesBuildPhase section */

/* Begin PBXSourcesBuildPhase section */
		4ABE050D1C852BCD000414CA /* Sources */ = {
			isa = PBXSourcesBuildPhase;
			buildActionMask = 2147483647;
			files = (
				4ABE051C1C852BCD000414CA /* ViewController.m in Sources */,
				4ABE05191C852BCD000414CA /* AppDelegate.m in Sources */,
				4ABE05161C852BCD000414CA /* main.m in Sources */,
			);
			runOnlyForDeploymentPostprocessing = 0;
		};
/* End PBXSourcesBuildPhase section */

/* Begin PBXVariantGroup section */
		4ABE051D1C852BCD000414CA /* Main.storyboard */ = {
			isa = PBXVariantGroup;
			children = (
				4ABE051E1C852BCD000414CA /* Base */,
			);
			name = Main.storyboard;
			sourceTree = "<group>";
		};
		4ABE05221C852BCD000414CA /* LaunchScreen.storyboard */ = {
			isa = PBXVariantGroup;
			children = (
				4ABE05231C852BCD000414CA /* Base */,
			);
			name = LaunchScreen.storyboard;
			sourceTree = "<group>";
		};
/* End PBXVariantGroup section */

/* Begin XCBuildConfiguration section */
		4ABE05261C852BCD000414CA /* Debug */ = {
			isa = XCBuildConfiguration;
			buildSettings = {
				ALWAYS_SEARCH_USER_PATHS = NO;
				CLANG_CXX_LANGUAGE_STANDARD = "gnu++0x";
				CLANG_CXX_LIBRARY = "libc++";
				CLANG_ENABLE_MODULES = YES;
				CLANG_ENABLE_OBJC_ARC = YES;
				CLANG_WARN_BOOL_CONVERSION = YES;
				CLANG_WARN_CONSTANT_CONVERSION = YES;
				CLANG_WARN_DIRECT_OBJC_ISA_USAGE = YES_ERROR;
				CLANG_WARN_EMPTY_BODY = YES;
				CLANG_WARN_ENUM_CONVERSION = YES;
				CLANG_WARN_INT_CONVERSION = YES;
				CLANG_WARN_OBJC_ROOT_CLASS = YES_ERROR;
				CLANG_WARN_UNREACHABLE_CODE = YES;
				CLANG_WARN__DUPLICATE_METHOD_MATCH = YES;
				"CODE_SIGN_IDENTITY[sdk=iphoneos*]" = "iPhone Developer";
				COPY_PHASE_STRIP = NO;
				DEBUG_INFORMATION_FORMAT = dwarf;
				ENABLE_STRICT_OBJC_MSGSEND = YES;
				ENABLE_TESTABILITY = YES;
				GCC_C_LANGUAGE_STANDARD = gnu99;
				GCC_DYNAMIC_NO_PIC = NO;
				GCC_NO_COMMON_BLOCKS = YES;
				GCC_OPTIMIZATION_LEVEL = 0;
				GCC_PREPROCESSOR_DEFINITIONS = (
					"DEBUG=1",
					"$(inherited)",
				);
				GCC_WARN_64_TO_32_BIT_CONVERSION = YES;
				GCC_WARN_ABOUT_RETURN_TYPE = YES_ERROR;
				GCC_WARN_UNDECLARED_SELECTOR = YES;
				GCC_WARN_UNINITIALIZED_AUTOS = YES_AGGRESSIVE;
				GCC_WARN_UNUSED_FUNCTION = YES;
				GCC_WARN_UNUSED_VARIABLE = YES;
				IPHONEOS_DEPLOYMENT_TARGET = 9.2;
				MTL_ENABLE_DEBUG_INFO = YES;
				ONLY_ACTIVE_ARCH = YES;
				SDKROOT = iphoneos;
				TARGETED_DEVICE_FAMILY = "1,2";
			};
			name = Debug;
		};
		4ABE05271C852BCD000414CA /* Release */ = {
			isa = XCBuildConfiguration;
			buildSettings = {
				ALWAYS_SEARCH_USER_PATHS = NO;
				CLANG_CXX_LANGUAGE_STANDARD = "gnu++0x";
				CLANG_CXX_LIBRARY = "libc++";
				CLANG_ENABLE_MODULES = YES;
				CLANG_ENABLE_OBJC_ARC = YES;
				CLANG_WARN_BOOL_CONVERSION = YES;
				CLANG_WARN_CONSTANT_CONVERSION = YES;
				CLANG_WARN_DIRECT_OBJC_ISA_USAGE = YES_ERROR;
				CLANG_WARN_EMPTY_BODY = YES;
				CLANG_WARN_ENUM_CONVERSION = YES;
				CLANG_WARN_INT_CONVERSION = YES;
				CLANG_WARN_OBJC_ROOT_CLASS = YES_ERROR;
				CLANG_WARN_UNREACHABLE_CODE = YES;
				CLANG_WARN__DUPLICATE_METHOD_MATCH = YES;
				"CODE_SIGN_IDENTITY[sdk=iphoneos*]" = "iPhone Developer";
				COPY_PHASE_STRIP = NO;
				DEBUG_INFORMATION_FORMAT = "dwarf-with-dsym";
				ENABLE_NS_ASSERTIONS = NO;
				ENABLE_STRICT_OBJC_MSGSEND = YES;
				GCC_C_LANGUAGE_STANDARD = gnu99;
				GCC_NO_COMMON_BLOCKS = YES;
				GCC_WARN_64_TO_32_BIT_CONVERSION = YES;
				GCC_WARN_ABOUT_RETURN_TYPE = YES_ERROR;
				GCC_WARN_UNDECLARED_SELECTOR = YES;
				GCC_WARN_UNINITIALIZED_AUTOS = YES_AGGRESSIVE;
				GCC_WARN_UNUSED_FUNCTION = YES;
				GCC_WARN_UNUSED_VARIABLE = YES;
				IPHONEOS_DEPLOYMENT_TARGET = 9.2;
				MTL_ENABLE_DEBUG_INFO = NO;
				SDKROOT = iphoneos;
				TARGETED_DEVICE_FAMILY = "1,2";
				VALIDATE_PRODUCT = YES;
			};
			name = Release;
		};
		4ABE05291C852BCD000414CA /* Debug */ = {
			isa = XCBuildConfiguration;
			buildSettings = {
				ASSETCATALOG_COMPILER_APPICON_NAME = AppIcon;
				INFOPLIST_FILE = tfs/Info.plist;
				LD_RUNPATH_SEARCH_PATHS = "$(inherited) @executable_path/Frameworks";
				PRODUCT_BUNDLE_IDENTIFIER = yy.tfs;
				PRODUCT_NAME = "$(TARGET_NAME)";
			};
			name = Debug;
		};
		4ABE052A1C852BCD000414CA /* Release */ = {
			isa = XCBuildConfiguration;
			buildSettings = {
				ASSETCATALOG_COMPILER_APPICON_NAME = AppIcon;
				INFOPLIST_FILE = tfs/Info.plist;
				LD_RUNPATH_SEARCH_PATHS = "$(inherited) @executable_path/Frameworks";
				PRODUCT_BUNDLE_IDENTIFIER = yy.tfs;
				PRODUCT_NAME = "$(TARGET_NAME)";
			};
			name = Release;
		};
/* End XCBuildConfiguration section */

/* Begin XCConfigurationList section */
		4ABE050C1C852BCD000414CA /* Build configuration list for PBXProject "tfs" */ = {
			isa = XCConfigurationList;
			buildConfigurations = (
				4ABE05261C852BCD000414CA /* Debug */,
				4ABE05271C852BCD000414CA /* Release */,
			);
			defaultConfigurationIsVisible = 0;
			defaultConfigurationName = Release;
		};
		4ABE05281C852BCD000414CA /* Build configuration list for PBXNativeTarget "tfs" */ = {
			isa = XCConfigurationList;
			buildConfigurations = (
				4ABE05291C852BCD000414CA /* Debug */,
				4ABE052A1C852BCD000414CA /* Release */,
			);
			defaultConfigurationIsVisible = 0;
		};
/* End XCConfigurationList section */
	};
	rootObject = 4ABE05091C852BCD000414CA /* Project object */;
}
